github.com/apaxa-go/eval v0.0.0-20171223182326-1d18b251d679 h1:iTmI8Fqjh2VU/hADCC/Nq9pvDCHCK2UNh0KfERvnkIM=
github.com/apaxa-go/eval v0.0.0-20171223182326-1d18b251d679/go.mod h1:yCWGQBpTUzqKEfPFn43j9Spr7GLwB8ytxK4Q0tPuZ7g=
github.com/apaxa-go/helper v0.0.0-20180607175117-61d31b1c31c3 h1:badF2fxl2BsWu2f01OYRU9cNnbrOSoOlayijH7r9ip4=
github.com/apaxa-go/helper v0.0.0-20180607175117-61d31b1c31c3/go.mod h1:42ENZ1Wd+1+1pgQWSQ/naAWaaP/uKw1zmnrMzBBNyTQ=
github.com/line/line-bot-sdk-go v1.3.0 h1:bYwGgbUrYbvTEJ8oOT18rmkclJOCB1RtLwYVZ97ello=
github.com/line/line-bot-sdk-go v7.8.0+incompatible h1:Uf9/OxV0zCVfqyvwZPH8CrdiHXXmMRa/L91G3btQblQ=
github.com/line/line-bot-sdk-go v7.8.0+incompatible/go.mod h1:0RjLjJEAU/3GIcHkC3av6O4jInAbt25nnZVmOFUgDBg=
golang.org/x/net v0.0.0-20210614182718-04defd469f4e h1:XpT3nA5TvE525Ne3hInMh6+GETgn27Zfm9dxsThnX2Q=
golang.org/x/net v0.0.0-20210614182718-04defd469f4e/go.mod h1:9nx3DQGgdP8bBQD5qxJ1jj9UTztislL4KSBs9R2vV5Y=
golang.org/x/sys v0.0.0-20201119102817-f84b799fce68/go.mod h1:h1NjWce9XRLGQEsW7wpKNCjG9DtNlClVuFLEZdDNbEs=
golang.org/x/sys v0.0.0-20210423082822-04245dca01da h1:b3NXsE2LusjYGGjL5bxEVZZORm/YEFFrWFjR8eFrw/c=
golang.org/x/sys v0.0.0-20210423082822-04245dca01da/go.mod h1:h1NjWce9XRLGQEsW7wpKNCjG9DtNlClVuFLEZdDNbEs=
golang.org/x/term v0.0.0-20201126162022-7de9c90e9dd1 h1:v+OssWQX+hTHEmOBgwxdZxK4zHq3yOs8F9J7mk0PY8E=
golang.org/x/term v0.0.0-20201126162022-7de9c90e9dd1/go.mod h1:bj7SfCRtBDWHUb9snDiAeCFNEtKQo2Wmx5Cou7ajbmo=
golang.org/x/text v0.3.6 h1:aRYxNxv6iGQlyVaZmk6ZgYEDa+Jg18DxebPSrd6bg1M=
golang.org/x/text v0.3.6/go.mod h1:5Zoc/QRtKVWzQhOtBMvqHzDpF6irO9z98xDceosuGiQ=
golang.org/x/tools v0.0.0-20180917221912-90fa682c2a6e h1:FDhOuMEY4JVRztM/gsbk+IKUQ8kj74bxZrgw87eMMVc=
golang.org/x/tools v0.0.0-20180917221912-90fa682c2a6e/go.mod h1:n7NCudcB/nEzxVGmLbDWY5pfWTLqBcC2KZ6jyYvM4mQ=
gopl.io v0.0.0-20200323155855-65c318dde95e h1:Z2obUjDpRealS0n+wq0nZ0tAyl+vY1txRLsZ/EY7XNM=
